
Microsoft Visual Studio Solution File, Format Version 12.00
# Visual Studio Version 16
VisualStudioVersion = 16.0.30204.135
MinimumVisualStudioVersion = 10.0.40219.1
Project("{888888A0-9F3D-457C-B088-3A5042F75D52}") = "Acceptable Password II", "Acceptable Password II\Acceptable Password II.pyproj", "{B14980D1-5898-45E7-ADA2-1F0DAF47C5B4}"
EndProject
Global
	GlobalSection(SolutionConfigurationPlatforms) = preSolution
		Debug|Any CPU = Debug|Any CPU
		Release|Any CPU = Release|Any CPU
	EndGlobalSection
	GlobalSection(ProjectConfigurationPlatforms) = postSolution
		{B14980D1-5898-45E7-ADA2-1F0DAF47C5B4}.Debug|Any CPU.ActiveCfg = Debug|Any CPU
		{B14980D1-5898-45E7-ADA2-1F0DAF47C5B4}.Release|Any CPU.ActiveCfg = Release|Any CPU
	EndGlobalSection
	GlobalSection(SolutionProperties) = preSolution
		HideSolutionNode = FALSE
	EndGlobalSection
	GlobalSection(ExtensibilityGlobals) = postSolution
		SolutionGuid = {B49EBC03-B632-49AE-933A-D5257B91DAB9}
	EndGlobalSection
EndGlobal
