
Microsoft Visual Studio Solution File, Format Version 12.00
# Visual Studio Version 16
VisualStudioVersion = 16.0.30204.135
MinimumVisualStudioVersion = 10.0.40219.1
Project("{888888A0-9F3D-457C-B088-3A5042F75D52}") = "Sort Array by Element Frequency", "Sort Array by Element Frequency\Sort Array by Element Frequency.pyproj", "{2C22B73B-E4A0-4F7F-A90A-1A1D0CAA36C4}"
EndProject
Global
	GlobalSection(SolutionConfigurationPlatforms) = preSolution
		Debug|Any CPU = Debug|Any CPU
		Release|Any CPU = Release|Any CPU
	EndGlobalSection
	GlobalSection(ProjectConfigurationPlatforms) = postSolution
		{2C22B73B-E4A0-4F7F-A90A-1A1D0CAA36C4}.Debug|Any CPU.ActiveCfg = Debug|Any CPU
		{2C22B73B-E4A0-4F7F-A90A-1A1D0CAA36C4}.Release|Any CPU.ActiveCfg = Release|Any CPU
	EndGlobalSection
	GlobalSection(SolutionProperties) = preSolution
		HideSolutionNode = FALSE
	EndGlobalSection
	GlobalSection(ExtensibilityGlobals) = postSolution
		SolutionGuid = {72DE5B2C-AB2C-4DB5-B489-37707BE7F436}
	EndGlobalSection
EndGlobal
