
Microsoft Visual Studio Solution File, Format Version 12.00
# Visual Studio Version 16
VisualStudioVersion = 16.0.30011.22
MinimumVisualStudioVersion = 10.0.40219.1
Project("{888888A0-9F3D-457C-B088-3A5042F75D52}") = "multiply", "multiply\multiply.pyproj", "{047CC3D0-3C94-4914-892C-3EF9F21AE77E}"
EndProject
Global
	GlobalSection(SolutionConfigurationPlatforms) = preSolution
		Debug|Any CPU = Debug|Any CPU
		Release|Any CPU = Release|Any CPU
	EndGlobalSection
	GlobalSection(ProjectConfigurationPlatforms) = postSolution
		{047CC3D0-3C94-4914-892C-3EF9F21AE77E}.Debug|Any CPU.ActiveCfg = Debug|Any CPU
		{047CC3D0-3C94-4914-892C-3EF9F21AE77E}.Release|Any CPU.ActiveCfg = Release|Any CPU
	EndGlobalSection
	GlobalSection(SolutionProperties) = preSolution
		HideSolutionNode = FALSE
	EndGlobalSection
	GlobalSection(ExtensibilityGlobals) = postSolution
		SolutionGuid = {2F8A2EB5-C4DD-4E3B-81F8-1B6AD9308CA2}
	EndGlobalSection
EndGlobal
