
Microsoft Visual Studio Solution File, Format Version 12.00
# Visual Studio Version 16
VisualStudioVersion = 16.0.30204.135
MinimumVisualStudioVersion = 10.0.40219.1
Project("{888888A0-9F3D-457C-B088-3A5042F75D52}") = "Acceptable Password IV", "Acceptable Password IV\Acceptable Password IV.pyproj", "{DB780C83-B8C5-472F-BCC4-E6663D48E834}"
EndProject
Global
	GlobalSection(SolutionConfigurationPlatforms) = preSolution
		Debug|Any CPU = Debug|Any CPU
		Release|Any CPU = Release|Any CPU
	EndGlobalSection
	GlobalSection(ProjectConfigurationPlatforms) = postSolution
		{DB780C83-B8C5-472F-BCC4-E6663D48E834}.Debug|Any CPU.ActiveCfg = Debug|Any CPU
		{DB780C83-B8C5-472F-BCC4-E6663D48E834}.Release|Any CPU.ActiveCfg = Release|Any CPU
	EndGlobalSection
	GlobalSection(SolutionProperties) = preSolution
		HideSolutionNode = FALSE
	EndGlobalSection
	GlobalSection(ExtensibilityGlobals) = postSolution
		SolutionGuid = {DBACA256-BB01-44DE-A90B-817682427777}
	EndGlobalSection
EndGlobal
