
Microsoft Visual Studio Solution File, Format Version 12.00
# Visual Studio Version 16
VisualStudioVersion = 16.0.30204.135
MinimumVisualStudioVersion = 10.0.40219.1
Project("{888888A0-9F3D-457C-B088-3A5042F75D52}") = "Three Words", "Three Words\Three Words.pyproj", "{5008B6A0-6E29-4623-865D-C4F767EDC4AF}"
EndProject
Global
	GlobalSection(SolutionConfigurationPlatforms) = preSolution
		Debug|Any CPU = Debug|Any CPU
		Release|Any CPU = Release|Any CPU
	EndGlobalSection
	GlobalSection(ProjectConfigurationPlatforms) = postSolution
		{5008B6A0-6E29-4623-865D-C4F767EDC4AF}.Debug|Any CPU.ActiveCfg = Debug|Any CPU
		{5008B6A0-6E29-4623-865D-C4F767EDC4AF}.Release|Any CPU.ActiveCfg = Release|Any CPU
	EndGlobalSection
	GlobalSection(SolutionProperties) = preSolution
		HideSolutionNode = FALSE
	EndGlobalSection
	GlobalSection(ExtensibilityGlobals) = postSolution
		SolutionGuid = {11D5741C-D245-45F4-B9DC-E21C399B0EC4}
	EndGlobalSection
EndGlobal
