
Microsoft Visual Studio Solution File, Format Version 12.00
# Visual Studio Version 16
VisualStudioVersion = 16.0.30204.135
MinimumVisualStudioVersion = 10.0.40219.1
Project("{888888A0-9F3D-457C-B088-3A5042F75D52}") = "Replace First", "Replace First\Replace First.pyproj", "{42E3F907-8B95-49A4-AA16-E1880D3ADA08}"
EndProject
Global
	GlobalSection(SolutionConfigurationPlatforms) = preSolution
		Debug|Any CPU = Debug|Any CPU
		Release|Any CPU = Release|Any CPU
	EndGlobalSection
	GlobalSection(ProjectConfigurationPlatforms) = postSolution
		{42E3F907-8B95-49A4-AA16-E1880D3ADA08}.Debug|Any CPU.ActiveCfg = Debug|Any CPU
		{42E3F907-8B95-49A4-AA16-E1880D3ADA08}.Release|Any CPU.ActiveCfg = Release|Any CPU
	EndGlobalSection
	GlobalSection(SolutionProperties) = preSolution
		HideSolutionNode = FALSE
	EndGlobalSection
	GlobalSection(ExtensibilityGlobals) = postSolution
		SolutionGuid = {D106F647-0CC7-46F6-B735-7B396AA61F16}
	EndGlobalSection
EndGlobal
